
Microsoft Visual Studio Solution File, Format Version 12.00
# Visual Studio Version 17
VisualStudioVersion = 17.8.34511.84
MinimumVisualStudioVersion = 10.0.40219.1
Project("{9A19103F-16F7-4668-BE54-9A1E7A4F7556}") = "ListaAlunos", "ListaAlunos\ListaAlunos.csproj", "{DF6999AA-A8D7-4CA2-ACD5-1E3322C5A1E2}"
EndProject
Project("{FAE04EC0-301F-11D3-BF4B-00C04F79EFBC}") = "GeraListaVendas", "GeraListaVendas\GeraListaVendas.csproj", "{61AC46E5-6AC8-460F-8ECD-C62EADDF6D4A}"
EndProject
Global
	GlobalSection(SolutionConfigurationPlatforms) = preSolution
		Debug|Any CPU = Debug|Any CPU
		Release|Any CPU = Release|Any CPU
	EndGlobalSection
	GlobalSection(ProjectConfigurationPlatforms) = postSolution
		{DF6999AA-A8D7-4CA2-ACD5-1E3322C5A1E2}.Debug|Any CPU.ActiveCfg = Debug|Any CPU
		{DF6999AA-A8D7-4CA2-ACD5-1E3322C5A1E2}.Debug|Any CPU.Build.0 = Debug|Any CPU
		{DF6999AA-A8D7-4CA2-ACD5-1E3322C5A1E2}.Release|Any CPU.ActiveCfg = Release|Any CPU
		{DF6999AA-A8D7-4CA2-ACD5-1E3322C5A1E2}.Release|Any CPU.Build.0 = Release|Any CPU
		{61AC46E5-6AC8-460F-8ECD-C62EADDF6D4A}.Debug|Any CPU.ActiveCfg = Debug|Any CPU
		{61AC46E5-6AC8-460F-8ECD-C62EADDF6D4A}.Debug|Any CPU.Build.0 = Debug|Any CPU
		{61AC46E5-6AC8-460F-8ECD-C62EADDF6D4A}.Release|Any CPU.ActiveCfg = Release|Any CPU
		{61AC46E5-6AC8-460F-8ECD-C62EADDF6D4A}.Release|Any CPU.Build.0 = Release|Any CPU
	EndGlobalSection
	GlobalSection(SolutionProperties) = preSolution
		HideSolutionNode = FALSE
	EndGlobalSection
	GlobalSection(ExtensibilityGlobals) = postSolution
		SolutionGuid = {DE456B22-91C3-47E9-9817-542AEC29E039}
	EndGlobalSection
EndGlobal
